
Microsoft Visual Studio Solution File, Format Version 12.00
# Visual Studio 15
VisualStudioVersion = 15.0.28307.960
MinimumVisualStudioVersion = 10.0.40219.1
Project("{FAE04EC0-301F-11D3-BF4B-00C04F79EFBC}") = "WPF_MVVM_Demo", "WPF_MVVM_Demo\WPF_MVVM_Demo.csproj", "{49D243A7-FB8A-4B15-884B-E6C485748EF5}"
EndProject
Project("{FAE04EC0-301F-11D3-BF4B-00C04F79EFBC}") = "WPF_MVVM_Demo.Test", "WPF_MVVM_Demo.Test\WPF_MVVM_Demo.Test.csproj", "{0208ECAD-2F1B-4887-8BC9-7D405D734949}"
EndProject
Global
	GlobalSection(SolutionConfigurationPlatforms) = preSolution
		Debug|Any CPU = Debug|Any CPU
		Release|Any CPU = Release|Any CPU
	EndGlobalSection
	GlobalSection(ProjectConfigurationPlatforms) = postSolution
		{49D243A7-FB8A-4B15-884B-E6C485748EF5}.Debug|Any CPU.ActiveCfg = Debug|Any CPU
		{49D243A7-FB8A-4B15-884B-E6C485748EF5}.Debug|Any CPU.Build.0 = Debug|Any CPU
		{49D243A7-FB8A-4B15-884B-E6C485748EF5}.Release|Any CPU.ActiveCfg = Release|Any CPU
		{49D243A7-FB8A-4B15-884B-E6C485748EF5}.Release|Any CPU.Build.0 = Release|Any CPU
		{0208ECAD-2F1B-4887-8BC9-7D405D734949}.Debug|Any CPU.ActiveCfg = Debug|Any CPU
		{0208ECAD-2F1B-4887-8BC9-7D405D734949}.Debug|Any CPU.Build.0 = Debug|Any CPU
		{0208ECAD-2F1B-4887-8BC9-7D405D734949}.Release|Any CPU.ActiveCfg = Release|Any CPU
		{0208ECAD-2F1B-4887-8BC9-7D405D734949}.Release|Any CPU.Build.0 = Release|Any CPU
	EndGlobalSection
	GlobalSection(SolutionProperties) = preSolution
		HideSolutionNode = FALSE
	EndGlobalSection
	GlobalSection(ExtensibilityGlobals) = postSolution
		SolutionGuid = {28EB3F31-425F-4C6C-B223-6E6D7C3B731F}
	EndGlobalSection
EndGlobal
